
Microsoft Visual Studio Solution File, Format Version 12.00
Project("{FAE04EC0-301F-11D3-BF4B-00C04F79EFBC}") = "FDPacmanConsole", "FDPacmanConsole\FDPacmanConsole.csproj", "{C8E784CC-35B2-40FB-B236-A13F38FC7EB1}"
EndProject
Project("{2150E333-8FDC-42A3-9474-1A3956D46DE8}") = "Solution Items", "Solution Items", "{7DEE002A-7977-48F5-BECC-9C1DD66FFF28}"
	ProjectSection(SolutionItems) = preProject
		compose.yaml = compose.yaml
	EndProjectSection
EndProject
Global
	GlobalSection(SolutionConfigurationPlatforms) = preSolution
		Debug|Any CPU = Debug|Any CPU
		Release|Any CPU = Release|Any CPU
	EndGlobalSection
	GlobalSection(ProjectConfigurationPlatforms) = postSolution
		{C8E784CC-35B2-40FB-B236-A13F38FC7EB1}.Debug|Any CPU.ActiveCfg = Debug|Any CPU
		{C8E784CC-35B2-40FB-B236-A13F38FC7EB1}.Debug|Any CPU.Build.0 = Debug|Any CPU
		{C8E784CC-35B2-40FB-B236-A13F38FC7EB1}.Release|Any CPU.ActiveCfg = Release|Any CPU
		{C8E784CC-35B2-40FB-B236-A13F38FC7EB1}.Release|Any CPU.Build.0 = Release|Any CPU
	EndGlobalSection
EndGlobal
